
Microsoft Visual Studio Solution File, Format Version 10.00
# Visual Studio 2008
Project("{8BC9CEB8-8B4A-11D0-8D11-00A0C91BC942}") = "SockSpy", "SockSpy.vcproj", "{325B42FC-743D-43A2-AAE8-72A638569419}"
EndProject
Global
	GlobalSection(SolutionConfigurationPlatforms) = preSolution
		Debug|Win32 = Debug|Win32
		Release|Win32 = Release|Win32
	EndGlobalSection
	GlobalSection(ProjectConfigurationPlatforms) = postSolution
		{325B42FC-743D-43A2-AAE8-72A638569419}.Debug|Win32.ActiveCfg = Debug|Win32
		{325B42FC-743D-43A2-AAE8-72A638569419}.Debug|Win32.Build.0 = Debug|Win32
		{325B42FC-743D-43A2-AAE8-72A638569419}.Release|Win32.ActiveCfg = Release|Win32
		{325B42FC-743D-43A2-AAE8-72A638569419}.Release|Win32.Build.0 = Release|Win32
	EndGlobalSection
	GlobalSection(SolutionProperties) = preSolution
		HideSolutionNode = FALSE
	EndGlobalSection
EndGlobal
