
Microsoft Visual Studio Solution File, Format Version 10.00
# Visual Studio 2008
Project("{8BC9CEB8-8B4A-11D0-8D11-00A0C91BC942}") = "Notepad_WriteFile_Hook", "Notepad_WriteFile_Hook.vcproj", "{36BCAC2E-34AA-4F02-8128-3B78ED425F78}"
EndProject
Global
	GlobalSection(SolutionConfigurationPlatforms) = preSolution
		Debug|Win32 = Debug|Win32
		Release|Win32 = Release|Win32
	EndGlobalSection
	GlobalSection(ProjectConfigurationPlatforms) = postSolution
		{36BCAC2E-34AA-4F02-8128-3B78ED425F78}.Debug|Win32.ActiveCfg = Debug|Win32
		{36BCAC2E-34AA-4F02-8128-3B78ED425F78}.Debug|Win32.Build.0 = Debug|Win32
		{36BCAC2E-34AA-4F02-8128-3B78ED425F78}.Release|Win32.ActiveCfg = Release|Win32
		{36BCAC2E-34AA-4F02-8128-3B78ED425F78}.Release|Win32.Build.0 = Release|Win32
	EndGlobalSection
	GlobalSection(SolutionProperties) = preSolution
		HideSolutionNode = FALSE
	EndGlobalSection
EndGlobal
