
Microsoft Visual Studio Solution File, Format Version 10.00
# Visual Studio 2008
Project("{8BC9CEB8-8B4A-11D0-8D11-00A0C91BC942}") = "EnumProcessModules", "EnumProcessModules\EnumProcessModules.vcproj", "{791BAFAB-CE26-49A1-9588-8E66616693C4}"
EndProject
Project("{8BC9CEB8-8B4A-11D0-8D11-00A0C91BC942}") = "GetThreadStartAddress", "GetThreadStartAddress\GetThreadStartAddress.vcproj", "{5D321D52-5CF8-464B-B27B-8B562D657738}"
EndProject
Global
	GlobalSection(SolutionConfigurationPlatforms) = preSolution
		Debug|Win32 = Debug|Win32
		Release|Win32 = Release|Win32
	EndGlobalSection
	GlobalSection(ProjectConfigurationPlatforms) = postSolution
		{791BAFAB-CE26-49A1-9588-8E66616693C4}.Debug|Win32.ActiveCfg = Debug|Win32
		{791BAFAB-CE26-49A1-9588-8E66616693C4}.Debug|Win32.Build.0 = Debug|Win32
		{791BAFAB-CE26-49A1-9588-8E66616693C4}.Release|Win32.ActiveCfg = Release|Win32
		{791BAFAB-CE26-49A1-9588-8E66616693C4}.Release|Win32.Build.0 = Release|Win32
		{5D321D52-5CF8-464B-B27B-8B562D657738}.Debug|Win32.ActiveCfg = Debug|Win32
		{5D321D52-5CF8-464B-B27B-8B562D657738}.Debug|Win32.Build.0 = Debug|Win32
		{5D321D52-5CF8-464B-B27B-8B562D657738}.Release|Win32.ActiveCfg = Release|Win32
		{5D321D52-5CF8-464B-B27B-8B562D657738}.Release|Win32.Build.0 = Release|Win32
	EndGlobalSection
	GlobalSection(SolutionProperties) = preSolution
		HideSolutionNode = FALSE
	EndGlobalSection
EndGlobal
