
Microsoft Visual Studio Solution File, Format Version 10.00
# Visual Studio 2008
Project("{8BC9CEB8-8B4A-11D0-8D11-00A0C91BC942}") = "generic_filecopy", "generic_filecopy\generic_filecopy.vcproj", "{6F80AD6E-4F92-4AE5-9AB2-96D10381C6FF}"
EndProject
Project("{8BC9CEB8-8B4A-11D0-8D11-00A0C91BC942}") = "MMF_filecopy", "MMF_filecopy\MMF_filecopy.vcproj", "{FF1FF458-BC14-41C5-99FF-79A76E69DB5D}"
EndProject
Global
	GlobalSection(SolutionConfigurationPlatforms) = preSolution
		Debug|Win32 = Debug|Win32
		Release|Win32 = Release|Win32
	EndGlobalSection
	GlobalSection(ProjectConfigurationPlatforms) = postSolution
		{6F80AD6E-4F92-4AE5-9AB2-96D10381C6FF}.Debug|Win32.ActiveCfg = Debug|Win32
		{6F80AD6E-4F92-4AE5-9AB2-96D10381C6FF}.Debug|Win32.Build.0 = Debug|Win32
		{6F80AD6E-4F92-4AE5-9AB2-96D10381C6FF}.Release|Win32.ActiveCfg = Release|Win32
		{6F80AD6E-4F92-4AE5-9AB2-96D10381C6FF}.Release|Win32.Build.0 = Release|Win32
		{FF1FF458-BC14-41C5-99FF-79A76E69DB5D}.Debug|Win32.ActiveCfg = Debug|Win32
		{FF1FF458-BC14-41C5-99FF-79A76E69DB5D}.Debug|Win32.Build.0 = Debug|Win32
		{FF1FF458-BC14-41C5-99FF-79A76E69DB5D}.Release|Win32.ActiveCfg = Release|Win32
		{FF1FF458-BC14-41C5-99FF-79A76E69DB5D}.Release|Win32.Build.0 = Release|Win32
	EndGlobalSection
	GlobalSection(SolutionProperties) = preSolution
		HideSolutionNode = FALSE
	EndGlobalSection
EndGlobal
