
Microsoft Visual Studio Solution File, Format Version 10.00
# Visual Studio 2008
Project("{8BC9CEB8-8B4A-11D0-8D11-00A0C91BC942}") = "KeyHook", "KeyHook\KeyHook.vcproj", "{D82B0768-370A-4206-806E-01C723098A92}"
EndProject
Project("{8BC9CEB8-8B4A-11D0-8D11-00A0C91BC942}") = "HookMain", "HookMain\HookMain.vcproj", "{09212D61-2FF8-495D-BC74-F1CED2306A78}"
EndProject
Global
	GlobalSection(SolutionConfigurationPlatforms) = preSolution
		Debug|Win32 = Debug|Win32
		Release|Win32 = Release|Win32
	EndGlobalSection
	GlobalSection(ProjectConfigurationPlatforms) = postSolution
		{D82B0768-370A-4206-806E-01C723098A92}.Debug|Win32.ActiveCfg = Debug|Win32
		{D82B0768-370A-4206-806E-01C723098A92}.Debug|Win32.Build.0 = Debug|Win32
		{D82B0768-370A-4206-806E-01C723098A92}.Release|Win32.ActiveCfg = Release|Win32
		{D82B0768-370A-4206-806E-01C723098A92}.Release|Win32.Build.0 = Release|Win32
		{09212D61-2FF8-495D-BC74-F1CED2306A78}.Debug|Win32.ActiveCfg = Debug|Win32
		{09212D61-2FF8-495D-BC74-F1CED2306A78}.Debug|Win32.Build.0 = Debug|Win32
		{09212D61-2FF8-495D-BC74-F1CED2306A78}.Release|Win32.ActiveCfg = Release|Win32
		{09212D61-2FF8-495D-BC74-F1CED2306A78}.Release|Win32.Build.0 = Release|Win32
	EndGlobalSection
	GlobalSection(SolutionProperties) = preSolution
		HideSolutionNode = FALSE
	EndGlobalSection
EndGlobal
