
Microsoft Visual Studio Solution File, Format Version 10.00
# Visual Studio 2008
Project("{8BC9CEB8-8B4A-11D0-8D11-00A0C91BC942}") = "myhack2", "myhack2.vcproj", "{8D9AA0C4-694E-42D7-ADC0-E5791EE0EE23}"
EndProject
Global
	GlobalSection(SolutionConfigurationPlatforms) = preSolution
		Debug|Win32 = Debug|Win32
		Release|Win32 = Release|Win32
	EndGlobalSection
	GlobalSection(ProjectConfigurationPlatforms) = postSolution
		{8D9AA0C4-694E-42D7-ADC0-E5791EE0EE23}.Debug|Win32.ActiveCfg = Debug|Win32
		{8D9AA0C4-694E-42D7-ADC0-E5791EE0EE23}.Debug|Win32.Build.0 = Debug|Win32
		{8D9AA0C4-694E-42D7-ADC0-E5791EE0EE23}.Release|Win32.ActiveCfg = Release|Win32
		{8D9AA0C4-694E-42D7-ADC0-E5791EE0EE23}.Release|Win32.Build.0 = Release|Win32
	EndGlobalSection
	GlobalSection(SolutionProperties) = preSolution
		HideSolutionNode = FALSE
	EndGlobalSection
EndGlobal
