
Microsoft Visual Studio Solution File, Format Version 10.00
# Visual Studio 2008
Project("{8BC9CEB8-8B4A-11D0-8D11-00A0C91BC942}") = "DllInjector", "DllInjector\DllInjector.vcproj", "{875FC506-AC22-4E41-919D-8DC550CFD0A5}"
EndProject
Project("{8BC9CEB8-8B4A-11D0-8D11-00A0C91BC942}") = "myhack", "myhack\myhack.vcproj", "{6299C711-F510-44D6-AA36-B39C34036ADC}"
EndProject
Global
	GlobalSection(SolutionConfigurationPlatforms) = preSolution
		Debug|Win32 = Debug|Win32
		Release|Win32 = Release|Win32
	EndGlobalSection
	GlobalSection(ProjectConfigurationPlatforms) = postSolution
		{875FC506-AC22-4E41-919D-8DC550CFD0A5}.Debug|Win32.ActiveCfg = Debug|Win32
		{875FC506-AC22-4E41-919D-8DC550CFD0A5}.Debug|Win32.Build.0 = Debug|Win32
		{875FC506-AC22-4E41-919D-8DC550CFD0A5}.Release|Win32.ActiveCfg = Release|Win32
		{875FC506-AC22-4E41-919D-8DC550CFD0A5}.Release|Win32.Build.0 = Release|Win32
		{6299C711-F510-44D6-AA36-B39C34036ADC}.Debug|Win32.ActiveCfg = Debug|Win32
		{6299C711-F510-44D6-AA36-B39C34036ADC}.Debug|Win32.Build.0 = Debug|Win32
		{6299C711-F510-44D6-AA36-B39C34036ADC}.Release|Win32.ActiveCfg = Release|Win32
		{6299C711-F510-44D6-AA36-B39C34036ADC}.Release|Win32.Build.0 = Release|Win32
	EndGlobalSection
	GlobalSection(SolutionProperties) = preSolution
		HideSolutionNode = FALSE
	EndGlobalSection
EndGlobal
